
Microsoft Visual Studio Solution File, Format Version 12.00
# Visual Studio Version 16
VisualStudioVersion = 16.0.29123.88
MinimumVisualStudioVersion = 10.0.40219.1
Project("{FAE04EC0-301F-11D3-BF4B-00C04F79EFBC}") = "ApiRest", "ApiRest\ApiRest.csproj", "{9A35B48B-E0EC-4AC7-ADD7-256A926B4CDB}"
EndProject
Project("{2150E333-8FDC-42A3-9474-1A3956D46DE8}") = "2.Domain", "2.Domain", "{FB1E2944-41DE-48BE-A508-13638A6802D1}"
EndProject
Project("{2150E333-8FDC-42A3-9474-1A3956D46DE8}") = "3.DrivenAdapters", "3.DrivenAdapters", "{2B48BF0F-55E4-44F3-9C39-0FEE3A276658}"
EndProject
Project("{2150E333-8FDC-42A3-9474-1A3956D46DE8}") = "1.EntryPoints", "1.EntryPoints", "{38BEA935-D2C8-4E11-A7AC-8099376B22D4}"
EndProject
Project("{FAE04EC0-301F-11D3-BF4B-00C04F79EFBC}") = "Model", "Model\Model.csproj", "{687F9151-3FCB-46DA-AE76-F9C47E217C5F}"
EndProject
Project("{FAE04EC0-301F-11D3-BF4B-00C04F79EFBC}") = "UseCase", "UseCase\UseCase.csproj", "{9B792ADD-71F8-4A0C-BCF5-734B072C0EE2}"
EndProject
Project("{2150E333-8FDC-42A3-9474-1A3956D46DE8}") = "4.Helpers", "4.Helpers", "{8CD15F72-5F91-40B9-8AFB-D1CF2BD2942A}"
EndProject
Project("{FAE04EC0-301F-11D3-BF4B-00C04F79EFBC}") = "EntityRepository", "EntityRepository\EntityRepository.csproj", "{3105F911-6A4E-4BF1-80D8-15765CFEF121}"
EndProject
Project("{FAE04EC0-301F-11D3-BF4B-00C04F79EFBC}") = "EntityRepositoryCommons", "EntityRepositoryCommons\EntityRepositoryCommons.csproj", "{B80542DE-87B7-4885-B618-FC3930B13A0B}"
EndProject
Global
	GlobalSection(SolutionConfigurationPlatforms) = preSolution
		Debug|Any CPU = Debug|Any CPU
		Release|Any CPU = Release|Any CPU
	EndGlobalSection
	GlobalSection(ProjectConfigurationPlatforms) = postSolution
		{9A35B48B-E0EC-4AC7-ADD7-256A926B4CDB}.Debug|Any CPU.ActiveCfg = Debug|Any CPU
		{9A35B48B-E0EC-4AC7-ADD7-256A926B4CDB}.Debug|Any CPU.Build.0 = Debug|Any CPU
		{9A35B48B-E0EC-4AC7-ADD7-256A926B4CDB}.Release|Any CPU.ActiveCfg = Release|Any CPU
		{9A35B48B-E0EC-4AC7-ADD7-256A926B4CDB}.Release|Any CPU.Build.0 = Release|Any CPU
		{687F9151-3FCB-46DA-AE76-F9C47E217C5F}.Debug|Any CPU.ActiveCfg = Debug|Any CPU
		{687F9151-3FCB-46DA-AE76-F9C47E217C5F}.Debug|Any CPU.Build.0 = Debug|Any CPU
		{687F9151-3FCB-46DA-AE76-F9C47E217C5F}.Release|Any CPU.ActiveCfg = Release|Any CPU
		{687F9151-3FCB-46DA-AE76-F9C47E217C5F}.Release|Any CPU.Build.0 = Release|Any CPU
		{9B792ADD-71F8-4A0C-BCF5-734B072C0EE2}.Debug|Any CPU.ActiveCfg = Debug|Any CPU
		{9B792ADD-71F8-4A0C-BCF5-734B072C0EE2}.Debug|Any CPU.Build.0 = Debug|Any CPU
		{9B792ADD-71F8-4A0C-BCF5-734B072C0EE2}.Release|Any CPU.ActiveCfg = Release|Any CPU
		{9B792ADD-71F8-4A0C-BCF5-734B072C0EE2}.Release|Any CPU.Build.0 = Release|Any CPU
		{3105F911-6A4E-4BF1-80D8-15765CFEF121}.Debug|Any CPU.ActiveCfg = Debug|Any CPU
		{3105F911-6A4E-4BF1-80D8-15765CFEF121}.Debug|Any CPU.Build.0 = Debug|Any CPU
		{3105F911-6A4E-4BF1-80D8-15765CFEF121}.Release|Any CPU.ActiveCfg = Release|Any CPU
		{3105F911-6A4E-4BF1-80D8-15765CFEF121}.Release|Any CPU.Build.0 = Release|Any CPU
		{B80542DE-87B7-4885-B618-FC3930B13A0B}.Debug|Any CPU.ActiveCfg = Debug|Any CPU
		{B80542DE-87B7-4885-B618-FC3930B13A0B}.Debug|Any CPU.Build.0 = Debug|Any CPU
		{B80542DE-87B7-4885-B618-FC3930B13A0B}.Release|Any CPU.ActiveCfg = Release|Any CPU
		{B80542DE-87B7-4885-B618-FC3930B13A0B}.Release|Any CPU.Build.0 = Release|Any CPU
	EndGlobalSection
	GlobalSection(SolutionProperties) = preSolution
		HideSolutionNode = FALSE
	EndGlobalSection
	GlobalSection(NestedProjects) = preSolution
		{9A35B48B-E0EC-4AC7-ADD7-256A926B4CDB} = {38BEA935-D2C8-4E11-A7AC-8099376B22D4}
		{687F9151-3FCB-46DA-AE76-F9C47E217C5F} = {FB1E2944-41DE-48BE-A508-13638A6802D1}
		{9B792ADD-71F8-4A0C-BCF5-734B072C0EE2} = {FB1E2944-41DE-48BE-A508-13638A6802D1}
		{3105F911-6A4E-4BF1-80D8-15765CFEF121} = {2B48BF0F-55E4-44F3-9C39-0FEE3A276658}
		{B80542DE-87B7-4885-B618-FC3930B13A0B} = {8CD15F72-5F91-40B9-8AFB-D1CF2BD2942A}
	EndGlobalSection
	GlobalSection(ExtensibilityGlobals) = postSolution
		SolutionGuid = {7D769378-43F2-4144-B742-0AA38AF108E1}
	EndGlobalSection
EndGlobal
